
Microsoft Visual Studio Solution File, Format Version 12.00
# Visual Studio Version 17
VisualStudioVersion = 17.0.31903.59
MinimumVisualStudioVersion = 10.0.40219.1
Project("{2150E333-8FDC-42A3-9474-1A3956D46DE8}") = "solution items", "solution items", "{34275DF4-26BE-4772-A596-EF731C0A66A2}"
	ProjectSection(SolutionItems) = preProject
		.gitignore = .gitignore
		Directory.Build.props = Directory.Build.props
		LICENSE = LICENSE
		.github\workflows\nuget.yml = .github\workflows\nuget.yml
		README.md = README.md
	EndProjectSection
EndProject
Project("{2150E333-8FDC-42A3-9474-1A3956D46DE8}") = "sample", "sample", "{78294CC8-0B3B-48D5-AC91-2E3C02377287}"
EndProject
Project("{2150E333-8FDC-42A3-9474-1A3956D46DE8}") = "src", "src", "{2001D214-F87F-492C-A57C-F635633238CB}"
EndProject
Project("{FAE04EC0-301F-11D3-BF4B-00C04F79EFBC}") = "Tuna.Revit.Extensions", "src\Tuna.Revit.Extensions\Tuna.Revit.Extensions.csproj", "{EF79ED31-ADC4-C25C-1C84-17A05E1DE626}"
EndProject
Project("{FAE04EC0-301F-11D3-BF4B-00C04F79EFBC}") = "Tuna.Sample", "sample\Tuna.Sample\Tuna.Sample.csproj", "{7B0B54FC-B9A1-A7BF-2618-CAE79DAB2BF2}"
EndProject
Project("{FAE04EC0-301F-11D3-BF4B-00C04F79EFBC}") = "Tuna.Revit.Infrastructure", "src\Tuna.Revit.Infrastructure\Tuna.Revit.Infrastructure.csproj", "{01F14CF5-BDFE-FA19-56A6-3C8EF3C308E2}"
EndProject
Project("{2150E333-8FDC-42A3-9474-1A3956D46DE8}") = "template", "template", "{02EA681E-C7D8-13C7-8484-4AC65E1B71E8}"
EndProject
Project("{FAE04EC0-301F-11D3-BF4B-00C04F79EFBC}") = "Tuna.Revit.Template", "template\content\Tuna.Revit.Template\Tuna.Revit.Template.csproj", "{D0C69F01-7E31-4440-9383-34705CA9D7E2}"
EndProject
Project("{2150E333-8FDC-42A3-9474-1A3956D46DE8}") = "template files", "template files", "{31F2F613-5BC7-4323-B34A-AA33D20FDCD6}"
	ProjectSection(SolutionItems) = preProject
		template\content\Tuna.Revit.Template\.template.config\template.json = template\content\Tuna.Revit.Template\.template.config\template.json
	EndProjectSection
EndProject
Project("{FAE04EC0-301F-11D3-BF4B-00C04F79EFBC}") = "Tuna.TemplateWizard", "template\wizard\Tuna.TemplateWizard\Tuna.TemplateWizard.csproj", "{32C6A3CA-4DFA-49BE-8D0A-7459FE961803}"
EndProject
Project("{FAE04EC0-301F-11D3-BF4B-00C04F79EFBC}") = "Tuna.Revit.Template.VSIX", "template\vsix\Tuna.Revit.Template.VSIX\Tuna.Revit.Template.VSIX.csproj", "{49888F29-D29B-4B72-8029-F677B488B6C5}"
EndProject
Global
	GlobalSection(SolutionConfigurationPlatforms) = preSolution
		Debug|Any CPU = Debug|Any CPU
		Release|Any CPU = Release|Any CPU
		Rvt_16_Debug|Any CPU = Rvt_16_Debug|Any CPU
		Rvt_16_Release|Any CPU = Rvt_16_Release|Any CPU
		Rvt_17_Debug|Any CPU = Rvt_17_Debug|Any CPU
		Rvt_17_Release|Any CPU = Rvt_17_Release|Any CPU
		Rvt_18_Debug|Any CPU = Rvt_18_Debug|Any CPU
		Rvt_18_Release|Any CPU = Rvt_18_Release|Any CPU
		Rvt_19_Debug|Any CPU = Rvt_19_Debug|Any CPU
		Rvt_19_Release|Any CPU = Rvt_19_Release|Any CPU
		Rvt_20_Debug|Any CPU = Rvt_20_Debug|Any CPU
		Rvt_20_Release|Any CPU = Rvt_20_Release|Any CPU
		Rvt_21_Debug|Any CPU = Rvt_21_Debug|Any CPU
		Rvt_21_Release|Any CPU = Rvt_21_Release|Any CPU
		Rvt_22_Debug|Any CPU = Rvt_22_Debug|Any CPU
		Rvt_22_Release|Any CPU = Rvt_22_Release|Any CPU
		Rvt_23_Debug|Any CPU = Rvt_23_Debug|Any CPU
		Rvt_23_Release|Any CPU = Rvt_23_Release|Any CPU
		Rvt_24_Debug|Any CPU = Rvt_24_Debug|Any CPU
		Rvt_24_Release|Any CPU = Rvt_24_Release|Any CPU
		Rvt_25_Debug|Any CPU = Rvt_25_Debug|Any CPU
		Rvt_25_Release|Any CPU = Rvt_25_Release|Any CPU
		Rvt_26_Debug|Any CPU = Rvt_26_Debug|Any CPU
		Rvt_26_Release|Any CPU = Rvt_26_Release|Any CPU
	EndGlobalSection
	GlobalSection(ProjectConfigurationPlatforms) = postSolution
		{EF79ED31-ADC4-C25C-1C84-17A05E1DE626}.Debug|Any CPU.ActiveCfg = Debug|Any CPU
		{EF79ED31-ADC4-C25C-1C84-17A05E1DE626}.Debug|Any CPU.Build.0 = Debug|Any CPU
		{EF79ED31-ADC4-C25C-1C84-17A05E1DE626}.Release|Any CPU.ActiveCfg = Release|Any CPU
		{EF79ED31-ADC4-C25C-1C84-17A05E1DE626}.Rvt_16_Debug|Any CPU.ActiveCfg = Rvt_16_Debug|Any CPU
		{EF79ED31-ADC4-C25C-1C84-17A05E1DE626}.Rvt_16_Debug|Any CPU.Build.0 = Rvt_16_Debug|Any CPU
		{EF79ED31-ADC4-C25C-1C84-17A05E1DE626}.Rvt_16_Release|Any CPU.ActiveCfg = Rvt_16_Release|Any CPU
		{EF79ED31-ADC4-C25C-1C84-17A05E1DE626}.Rvt_16_Release|Any CPU.Build.0 = Rvt_16_Release|Any CPU
		{EF79ED31-ADC4-C25C-1C84-17A05E1DE626}.Rvt_17_Debug|Any CPU.ActiveCfg = Rvt_17_Debug|Any CPU
		{EF79ED31-ADC4-C25C-1C84-17A05E1DE626}.Rvt_17_Debug|Any CPU.Build.0 = Rvt_17_Debug|Any CPU
		{EF79ED31-ADC4-C25C-1C84-17A05E1DE626}.Rvt_17_Release|Any CPU.ActiveCfg = Rvt_17_Release|Any CPU
		{EF79ED31-ADC4-C25C-1C84-17A05E1DE626}.Rvt_17_Release|Any CPU.Build.0 = Rvt_17_Release|Any CPU
		{EF79ED31-ADC4-C25C-1C84-17A05E1DE626}.Rvt_18_Debug|Any CPU.ActiveCfg = Rvt_18_Debug|Any CPU
		{EF79ED31-ADC4-C25C-1C84-17A05E1DE626}.Rvt_18_Debug|Any CPU.Build.0 = Rvt_18_Debug|Any CPU
		{EF79ED31-ADC4-C25C-1C84-17A05E1DE626}.Rvt_18_Release|Any CPU.ActiveCfg = Rvt_18_Release|Any CPU
		{EF79ED31-ADC4-C25C-1C84-17A05E1DE626}.Rvt_18_Release|Any CPU.Build.0 = Rvt_18_Release|Any CPU
		{EF79ED31-ADC4-C25C-1C84-17A05E1DE626}.Rvt_19_Debug|Any CPU.ActiveCfg = Rvt_19_Debug|Any CPU
		{EF79ED31-ADC4-C25C-1C84-17A05E1DE626}.Rvt_19_Debug|Any CPU.Build.0 = Rvt_19_Debug|Any CPU
		{EF79ED31-ADC4-C25C-1C84-17A05E1DE626}.Rvt_19_Release|Any CPU.ActiveCfg = Rvt_19_Release|Any CPU
		{EF79ED31-ADC4-C25C-1C84-17A05E1DE626}.Rvt_19_Release|Any CPU.Build.0 = Rvt_19_Release|Any CPU
		{EF79ED31-ADC4-C25C-1C84-17A05E1DE626}.Rvt_20_Debug|Any CPU.ActiveCfg = Rvt_20_Debug|Any CPU
		{EF79ED31-ADC4-C25C-1C84-17A05E1DE626}.Rvt_20_Debug|Any CPU.Build.0 = Rvt_20_Debug|Any CPU
		{EF79ED31-ADC4-C25C-1C84-17A05E1DE626}.Rvt_20_Release|Any CPU.ActiveCfg = Rvt_20_Release|Any CPU
		{EF79ED31-ADC4-C25C-1C84-17A05E1DE626}.Rvt_20_Release|Any CPU.Build.0 = Rvt_20_Release|Any CPU
		{EF79ED31-ADC4-C25C-1C84-17A05E1DE626}.Rvt_21_Debug|Any CPU.ActiveCfg = Rvt_21_Debug|Any CPU
		{EF79ED31-ADC4-C25C-1C84-17A05E1DE626}.Rvt_21_Debug|Any CPU.Build.0 = Rvt_21_Debug|Any CPU
		{EF79ED31-ADC4-C25C-1C84-17A05E1DE626}.Rvt_21_Release|Any CPU.ActiveCfg = Rvt_21_Release|Any CPU
		{EF79ED31-ADC4-C25C-1C84-17A05E1DE626}.Rvt_21_Release|Any CPU.Build.0 = Rvt_21_Release|Any CPU
		{EF79ED31-ADC4-C25C-1C84-17A05E1DE626}.Rvt_22_Debug|Any CPU.ActiveCfg = Rvt_22_Debug|Any CPU
		{EF79ED31-ADC4-C25C-1C84-17A05E1DE626}.Rvt_22_Debug|Any CPU.Build.0 = Rvt_22_Debug|Any CPU
		{EF79ED31-ADC4-C25C-1C84-17A05E1DE626}.Rvt_22_Release|Any CPU.ActiveCfg = Rvt_22_Release|Any CPU
		{EF79ED31-ADC4-C25C-1C84-17A05E1DE626}.Rvt_22_Release|Any CPU.Build.0 = Rvt_22_Release|Any CPU
		{EF79ED31-ADC4-C25C-1C84-17A05E1DE626}.Rvt_23_Debug|Any CPU.ActiveCfg = Rvt_23_Debug|Any CPU
		{EF79ED31-ADC4-C25C-1C84-17A05E1DE626}.Rvt_23_Debug|Any CPU.Build.0 = Rvt_23_Debug|Any CPU
		{EF79ED31-ADC4-C25C-1C84-17A05E1DE626}.Rvt_23_Release|Any CPU.ActiveCfg = Rvt_23_Release|Any CPU
		{EF79ED31-ADC4-C25C-1C84-17A05E1DE626}.Rvt_23_Release|Any CPU.Build.0 = Rvt_23_Release|Any CPU
		{EF79ED31-ADC4-C25C-1C84-17A05E1DE626}.Rvt_24_Debug|Any CPU.ActiveCfg = Rvt_24_Debug|Any CPU
		{EF79ED31-ADC4-C25C-1C84-17A05E1DE626}.Rvt_24_Debug|Any CPU.Build.0 = Rvt_24_Debug|Any CPU
		{EF79ED31-ADC4-C25C-1C84-17A05E1DE626}.Rvt_24_Release|Any CPU.ActiveCfg = Rvt_24_Release|Any CPU
		{EF79ED31-ADC4-C25C-1C84-17A05E1DE626}.Rvt_24_Release|Any CPU.Build.0 = Rvt_24_Release|Any CPU
		{EF79ED31-ADC4-C25C-1C84-17A05E1DE626}.Rvt_25_Debug|Any CPU.ActiveCfg = Rvt_25_Debug|Any CPU
		{EF79ED31-ADC4-C25C-1C84-17A05E1DE626}.Rvt_25_Debug|Any CPU.Build.0 = Rvt_25_Debug|Any CPU
		{EF79ED31-ADC4-C25C-1C84-17A05E1DE626}.Rvt_25_Release|Any CPU.ActiveCfg = Rvt_25_Release|Any CPU
		{EF79ED31-ADC4-C25C-1C84-17A05E1DE626}.Rvt_25_Release|Any CPU.Build.0 = Rvt_25_Release|Any CPU
		{EF79ED31-ADC4-C25C-1C84-17A05E1DE626}.Rvt_26_Debug|Any CPU.ActiveCfg = Rvt_26_Debug|Any CPU
		{EF79ED31-ADC4-C25C-1C84-17A05E1DE626}.Rvt_26_Debug|Any CPU.Build.0 = Rvt_26_Debug|Any CPU
		{EF79ED31-ADC4-C25C-1C84-17A05E1DE626}.Rvt_26_Release|Any CPU.ActiveCfg = Rvt_26_Release|Any CPU
		{EF79ED31-ADC4-C25C-1C84-17A05E1DE626}.Rvt_26_Release|Any CPU.Build.0 = Rvt_26_Release|Any CPU
		{7B0B54FC-B9A1-A7BF-2618-CAE79DAB2BF2}.Debug|Any CPU.ActiveCfg = Debug|Any CPU
		{7B0B54FC-B9A1-A7BF-2618-CAE79DAB2BF2}.Debug|Any CPU.Build.0 = Debug|Any CPU
		{7B0B54FC-B9A1-A7BF-2618-CAE79DAB2BF2}.Release|Any CPU.ActiveCfg = Release|Any CPU
		{7B0B54FC-B9A1-A7BF-2618-CAE79DAB2BF2}.Release|Any CPU.Build.0 = Release|Any CPU
		{7B0B54FC-B9A1-A7BF-2618-CAE79DAB2BF2}.Rvt_16_Debug|Any CPU.ActiveCfg = Rvt_16_Debug|Any CPU
		{7B0B54FC-B9A1-A7BF-2618-CAE79DAB2BF2}.Rvt_16_Debug|Any CPU.Build.0 = Rvt_16_Debug|Any CPU
		{7B0B54FC-B9A1-A7BF-2618-CAE79DAB2BF2}.Rvt_16_Release|Any CPU.ActiveCfg = Rvt_16_Release|Any CPU
		{7B0B54FC-B9A1-A7BF-2618-CAE79DAB2BF2}.Rvt_16_Release|Any CPU.Build.0 = Rvt_16_Release|Any CPU
		{7B0B54FC-B9A1-A7BF-2618-CAE79DAB2BF2}.Rvt_17_Debug|Any CPU.ActiveCfg = Rvt_17_Debug|Any CPU
		{7B0B54FC-B9A1-A7BF-2618-CAE79DAB2BF2}.Rvt_17_Debug|Any CPU.Build.0 = Rvt_17_Debug|Any CPU
		{7B0B54FC-B9A1-A7BF-2618-CAE79DAB2BF2}.Rvt_17_Release|Any CPU.ActiveCfg = Rvt_17_Release|Any CPU
		{7B0B54FC-B9A1-A7BF-2618-CAE79DAB2BF2}.Rvt_17_Release|Any CPU.Build.0 = Rvt_17_Release|Any CPU
		{7B0B54FC-B9A1-A7BF-2618-CAE79DAB2BF2}.Rvt_18_Debug|Any CPU.ActiveCfg = Rvt_18_Debug|Any CPU
		{7B0B54FC-B9A1-A7BF-2618-CAE79DAB2BF2}.Rvt_18_Debug|Any CPU.Build.0 = Rvt_18_Debug|Any CPU
		{7B0B54FC-B9A1-A7BF-2618-CAE79DAB2BF2}.Rvt_18_Release|Any CPU.ActiveCfg = Rvt_18_Release|Any CPU
		{7B0B54FC-B9A1-A7BF-2618-CAE79DAB2BF2}.Rvt_18_Release|Any CPU.Build.0 = Rvt_18_Release|Any CPU
		{7B0B54FC-B9A1-A7BF-2618-CAE79DAB2BF2}.Rvt_19_Debug|Any CPU.ActiveCfg = Rvt_19_Debug|Any CPU
		{7B0B54FC-B9A1-A7BF-2618-CAE79DAB2BF2}.Rvt_19_Debug|Any CPU.Build.0 = Rvt_19_Debug|Any CPU
		{7B0B54FC-B9A1-A7BF-2618-CAE79DAB2BF2}.Rvt_19_Release|Any CPU.ActiveCfg = Rvt_19_Release|Any CPU
		{7B0B54FC-B9A1-A7BF-2618-CAE79DAB2BF2}.Rvt_19_Release|Any CPU.Build.0 = Rvt_19_Release|Any CPU
		{7B0B54FC-B9A1-A7BF-2618-CAE79DAB2BF2}.Rvt_20_Debug|Any CPU.ActiveCfg = Rvt_20_Debug|Any CPU
		{7B0B54FC-B9A1-A7BF-2618-CAE79DAB2BF2}.Rvt_20_Debug|Any CPU.Build.0 = Rvt_20_Debug|Any CPU
		{7B0B54FC-B9A1-A7BF-2618-CAE79DAB2BF2}.Rvt_20_Release|Any CPU.ActiveCfg = Rvt_20_Release|Any CPU
		{7B0B54FC-B9A1-A7BF-2618-CAE79DAB2BF2}.Rvt_20_Release|Any CPU.Build.0 = Rvt_20_Release|Any CPU
		{7B0B54FC-B9A1-A7BF-2618-CAE79DAB2BF2}.Rvt_21_Debug|Any CPU.ActiveCfg = Rvt_21_Debug|Any CPU
		{7B0B54FC-B9A1-A7BF-2618-CAE79DAB2BF2}.Rvt_21_Debug|Any CPU.Build.0 = Rvt_21_Debug|Any CPU
		{7B0B54FC-B9A1-A7BF-2618-CAE79DAB2BF2}.Rvt_21_Release|Any CPU.ActiveCfg = Rvt_21_Release|Any CPU
		{7B0B54FC-B9A1-A7BF-2618-CAE79DAB2BF2}.Rvt_21_Release|Any CPU.Build.0 = Rvt_21_Release|Any CPU
		{7B0B54FC-B9A1-A7BF-2618-CAE79DAB2BF2}.Rvt_22_Debug|Any CPU.ActiveCfg = Rvt_22_Debug|Any CPU
		{7B0B54FC-B9A1-A7BF-2618-CAE79DAB2BF2}.Rvt_22_Debug|Any CPU.Build.0 = Rvt_22_Debug|Any CPU
		{7B0B54FC-B9A1-A7BF-2618-CAE79DAB2BF2}.Rvt_22_Release|Any CPU.ActiveCfg = Rvt_22_Release|Any CPU
		{7B0B54FC-B9A1-A7BF-2618-CAE79DAB2BF2}.Rvt_22_Release|Any CPU.Build.0 = Rvt_22_Release|Any CPU
		{7B0B54FC-B9A1-A7BF-2618-CAE79DAB2BF2}.Rvt_23_Debug|Any CPU.ActiveCfg = Rvt_23_Debug|Any CPU
		{7B0B54FC-B9A1-A7BF-2618-CAE79DAB2BF2}.Rvt_23_Debug|Any CPU.Build.0 = Rvt_23_Debug|Any CPU
		{7B0B54FC-B9A1-A7BF-2618-CAE79DAB2BF2}.Rvt_23_Release|Any CPU.ActiveCfg = Release|Any CPU
		{7B0B54FC-B9A1-A7BF-2618-CAE79DAB2BF2}.Rvt_23_Release|Any CPU.Build.0 = Release|Any CPU
		{7B0B54FC-B9A1-A7BF-2618-CAE79DAB2BF2}.Rvt_24_Debug|Any CPU.ActiveCfg = Rvt_24_Debug|Any CPU
		{7B0B54FC-B9A1-A7BF-2618-CAE79DAB2BF2}.Rvt_24_Debug|Any CPU.Build.0 = Rvt_24_Debug|Any CPU
		{7B0B54FC-B9A1-A7BF-2618-CAE79DAB2BF2}.Rvt_24_Release|Any CPU.ActiveCfg = Release|Any CPU
		{7B0B54FC-B9A1-A7BF-2618-CAE79DAB2BF2}.Rvt_24_Release|Any CPU.Build.0 = Release|Any CPU
		{7B0B54FC-B9A1-A7BF-2618-CAE79DAB2BF2}.Rvt_25_Debug|Any CPU.ActiveCfg = Rvt_25_Debug|Any CPU
		{7B0B54FC-B9A1-A7BF-2618-CAE79DAB2BF2}.Rvt_25_Debug|Any CPU.Build.0 = Rvt_25_Debug|Any CPU
		{7B0B54FC-B9A1-A7BF-2618-CAE79DAB2BF2}.Rvt_25_Release|Any CPU.ActiveCfg = Rvt_25_Release|Any CPU
		{7B0B54FC-B9A1-A7BF-2618-CAE79DAB2BF2}.Rvt_25_Release|Any CPU.Build.0 = Rvt_25_Release|Any CPU
		{7B0B54FC-B9A1-A7BF-2618-CAE79DAB2BF2}.Rvt_26_Debug|Any CPU.ActiveCfg = Rvt_26_Debug|Any CPU
		{7B0B54FC-B9A1-A7BF-2618-CAE79DAB2BF2}.Rvt_26_Debug|Any CPU.Build.0 = Rvt_26_Debug|Any CPU
		{7B0B54FC-B9A1-A7BF-2618-CAE79DAB2BF2}.Rvt_26_Release|Any CPU.ActiveCfg = Rvt_26_Release|Any CPU
		{7B0B54FC-B9A1-A7BF-2618-CAE79DAB2BF2}.Rvt_26_Release|Any CPU.Build.0 = Rvt_26_Release|Any CPU
		{01F14CF5-BDFE-FA19-56A6-3C8EF3C308E2}.Debug|Any CPU.ActiveCfg = Debug|Any CPU
		{01F14CF5-BDFE-FA19-56A6-3C8EF3C308E2}.Debug|Any CPU.Build.0 = Debug|Any CPU
		{01F14CF5-BDFE-FA19-56A6-3C8EF3C308E2}.Release|Any CPU.ActiveCfg = Release|Any CPU
		{01F14CF5-BDFE-FA19-56A6-3C8EF3C308E2}.Release|Any CPU.Build.0 = Release|Any CPU
		{01F14CF5-BDFE-FA19-56A6-3C8EF3C308E2}.Rvt_16_Debug|Any CPU.ActiveCfg = Rvt_16_Debug|Any CPU
		{01F14CF5-BDFE-FA19-56A6-3C8EF3C308E2}.Rvt_16_Debug|Any CPU.Build.0 = Rvt_16_Debug|Any CPU
		{01F14CF5-BDFE-FA19-56A6-3C8EF3C308E2}.Rvt_16_Release|Any CPU.ActiveCfg = Rvt_16_Release|Any CPU
		{01F14CF5-BDFE-FA19-56A6-3C8EF3C308E2}.Rvt_16_Release|Any CPU.Build.0 = Rvt_16_Release|Any CPU
		{01F14CF5-BDFE-FA19-56A6-3C8EF3C308E2}.Rvt_17_Debug|Any CPU.ActiveCfg = Rvt_17_Debug|Any CPU
		{01F14CF5-BDFE-FA19-56A6-3C8EF3C308E2}.Rvt_17_Debug|Any CPU.Build.0 = Rvt_17_Debug|Any CPU
		{01F14CF5-BDFE-FA19-56A6-3C8EF3C308E2}.Rvt_17_Release|Any CPU.ActiveCfg = Rvt_17_Release|Any CPU
		{01F14CF5-BDFE-FA19-56A6-3C8EF3C308E2}.Rvt_17_Release|Any CPU.Build.0 = Rvt_17_Release|Any CPU
		{01F14CF5-BDFE-FA19-56A6-3C8EF3C308E2}.Rvt_18_Debug|Any CPU.ActiveCfg = Rvt_18_Debug|Any CPU
		{01F14CF5-BDFE-FA19-56A6-3C8EF3C308E2}.Rvt_18_Debug|Any CPU.Build.0 = Rvt_18_Debug|Any CPU
		{01F14CF5-BDFE-FA19-56A6-3C8EF3C308E2}.Rvt_18_Release|Any CPU.ActiveCfg = Rvt_18_Release|Any CPU
		{01F14CF5-BDFE-FA19-56A6-3C8EF3C308E2}.Rvt_18_Release|Any CPU.Build.0 = Rvt_18_Release|Any CPU
		{01F14CF5-BDFE-FA19-56A6-3C8EF3C308E2}.Rvt_19_Debug|Any CPU.ActiveCfg = Rvt_19_Debug|Any CPU
		{01F14CF5-BDFE-FA19-56A6-3C8EF3C308E2}.Rvt_19_Debug|Any CPU.Build.0 = Rvt_19_Debug|Any CPU
		{01F14CF5-BDFE-FA19-56A6-3C8EF3C308E2}.Rvt_19_Release|Any CPU.ActiveCfg = Rvt_19_Release|Any CPU
		{01F14CF5-BDFE-FA19-56A6-3C8EF3C308E2}.Rvt_19_Release|Any CPU.Build.0 = Rvt_19_Release|Any CPU
		{01F14CF5-BDFE-FA19-56A6-3C8EF3C308E2}.Rvt_20_Debug|Any CPU.ActiveCfg = Rvt_20_Debug|Any CPU
		{01F14CF5-BDFE-FA19-56A6-3C8EF3C308E2}.Rvt_20_Debug|Any CPU.Build.0 = Rvt_20_Debug|Any CPU
		{01F14CF5-BDFE-FA19-56A6-3C8EF3C308E2}.Rvt_20_Release|Any CPU.ActiveCfg = Rvt_20_Release|Any CPU
		{01F14CF5-BDFE-FA19-56A6-3C8EF3C308E2}.Rvt_20_Release|Any CPU.Build.0 = Rvt_20_Release|Any CPU
		{01F14CF5-BDFE-FA19-56A6-3C8EF3C308E2}.Rvt_21_Debug|Any CPU.ActiveCfg = Rvt_21_Debug|Any CPU
		{01F14CF5-BDFE-FA19-56A6-3C8EF3C308E2}.Rvt_21_Debug|Any CPU.Build.0 = Rvt_21_Debug|Any CPU
		{01F14CF5-BDFE-FA19-56A6-3C8EF3C308E2}.Rvt_21_Release|Any CPU.ActiveCfg = Rvt_21_Release|Any CPU
		{01F14CF5-BDFE-FA19-56A6-3C8EF3C308E2}.Rvt_21_Release|Any CPU.Build.0 = Rvt_21_Release|Any CPU
		{01F14CF5-BDFE-FA19-56A6-3C8EF3C308E2}.Rvt_22_Debug|Any CPU.ActiveCfg = Rvt_22_Debug|Any CPU
		{01F14CF5-BDFE-FA19-56A6-3C8EF3C308E2}.Rvt_22_Debug|Any CPU.Build.0 = Rvt_22_Debug|Any CPU
		{01F14CF5-BDFE-FA19-56A6-3C8EF3C308E2}.Rvt_22_Release|Any CPU.ActiveCfg = Rvt_22_Release|Any CPU
		{01F14CF5-BDFE-FA19-56A6-3C8EF3C308E2}.Rvt_22_Release|Any CPU.Build.0 = Rvt_22_Release|Any CPU
		{01F14CF5-BDFE-FA19-56A6-3C8EF3C308E2}.Rvt_23_Debug|Any CPU.ActiveCfg = Rvt_23_Debug|Any CPU
		{01F14CF5-BDFE-FA19-56A6-3C8EF3C308E2}.Rvt_23_Debug|Any CPU.Build.0 = Rvt_23_Debug|Any CPU
		{01F14CF5-BDFE-FA19-56A6-3C8EF3C308E2}.Rvt_23_Release|Any CPU.ActiveCfg = Release|Any CPU
		{01F14CF5-BDFE-FA19-56A6-3C8EF3C308E2}.Rvt_23_Release|Any CPU.Build.0 = Release|Any CPU
		{01F14CF5-BDFE-FA19-56A6-3C8EF3C308E2}.Rvt_24_Debug|Any CPU.ActiveCfg = Rvt_24_Debug|Any CPU
		{01F14CF5-BDFE-FA19-56A6-3C8EF3C308E2}.Rvt_24_Debug|Any CPU.Build.0 = Rvt_24_Debug|Any CPU
		{01F14CF5-BDFE-FA19-56A6-3C8EF3C308E2}.Rvt_24_Release|Any CPU.ActiveCfg = Release|Any CPU
		{01F14CF5-BDFE-FA19-56A6-3C8EF3C308E2}.Rvt_24_Release|Any CPU.Build.0 = Release|Any CPU
		{01F14CF5-BDFE-FA19-56A6-3C8EF3C308E2}.Rvt_25_Debug|Any CPU.ActiveCfg = Rvt_25_Debug|Any CPU
		{01F14CF5-BDFE-FA19-56A6-3C8EF3C308E2}.Rvt_25_Debug|Any CPU.Build.0 = Rvt_25_Debug|Any CPU
		{01F14CF5-BDFE-FA19-56A6-3C8EF3C308E2}.Rvt_25_Release|Any CPU.ActiveCfg = Rvt_25_Release|Any CPU
		{01F14CF5-BDFE-FA19-56A6-3C8EF3C308E2}.Rvt_26_Debug|Any CPU.ActiveCfg = Rvt_26_Debug|Any CPU
		{01F14CF5-BDFE-FA19-56A6-3C8EF3C308E2}.Rvt_26_Debug|Any CPU.Build.0 = Rvt_26_Debug|Any CPU
		{01F14CF5-BDFE-FA19-56A6-3C8EF3C308E2}.Rvt_26_Release|Any CPU.ActiveCfg = Rvt_26_Release|Any CPU
		{01F14CF5-BDFE-FA19-56A6-3C8EF3C308E2}.Rvt_26_Release|Any CPU.Build.0 = Rvt_26_Release|Any CPU
		{D0C69F01-7E31-4440-9383-34705CA9D7E2}.Debug|Any CPU.ActiveCfg = Debug|Any CPU
		{D0C69F01-7E31-4440-9383-34705CA9D7E2}.Debug|Any CPU.Build.0 = Debug|Any CPU
		{D0C69F01-7E31-4440-9383-34705CA9D7E2}.Release|Any CPU.ActiveCfg = Release|Any CPU
		{D0C69F01-7E31-4440-9383-34705CA9D7E2}.Release|Any CPU.Build.0 = Release|Any CPU
		{D0C69F01-7E31-4440-9383-34705CA9D7E2}.Rvt_16_Debug|Any CPU.ActiveCfg = Rvt_16_Debug|Any CPU
		{D0C69F01-7E31-4440-9383-34705CA9D7E2}.Rvt_16_Debug|Any CPU.Build.0 = Rvt_16_Debug|Any CPU
		{D0C69F01-7E31-4440-9383-34705CA9D7E2}.Rvt_16_Release|Any CPU.ActiveCfg = Rvt_16_Release|Any CPU
		{D0C69F01-7E31-4440-9383-34705CA9D7E2}.Rvt_16_Release|Any CPU.Build.0 = Rvt_16_Release|Any CPU
		{D0C69F01-7E31-4440-9383-34705CA9D7E2}.Rvt_17_Debug|Any CPU.ActiveCfg = Rvt_17_Debug|Any CPU
		{D0C69F01-7E31-4440-9383-34705CA9D7E2}.Rvt_17_Debug|Any CPU.Build.0 = Rvt_17_Debug|Any CPU
		{D0C69F01-7E31-4440-9383-34705CA9D7E2}.Rvt_17_Release|Any CPU.ActiveCfg = Rvt_17_Release|Any CPU
		{D0C69F01-7E31-4440-9383-34705CA9D7E2}.Rvt_17_Release|Any CPU.Build.0 = Rvt_17_Release|Any CPU
		{D0C69F01-7E31-4440-9383-34705CA9D7E2}.Rvt_18_Debug|Any CPU.ActiveCfg = Rvt_18_Debug|Any CPU
		{D0C69F01-7E31-4440-9383-34705CA9D7E2}.Rvt_18_Debug|Any CPU.Build.0 = Rvt_18_Debug|Any CPU
		{D0C69F01-7E31-4440-9383-34705CA9D7E2}.Rvt_18_Release|Any CPU.ActiveCfg = Rvt_18_Release|Any CPU
		{D0C69F01-7E31-4440-9383-34705CA9D7E2}.Rvt_18_Release|Any CPU.Build.0 = Rvt_18_Release|Any CPU
		{D0C69F01-7E31-4440-9383-34705CA9D7E2}.Rvt_19_Debug|Any CPU.ActiveCfg = Rvt_19_Debug|Any CPU
		{D0C69F01-7E31-4440-9383-34705CA9D7E2}.Rvt_19_Debug|Any CPU.Build.0 = Rvt_19_Debug|Any CPU
		{D0C69F01-7E31-4440-9383-34705CA9D7E2}.Rvt_19_Release|Any CPU.ActiveCfg = Rvt_19_Release|Any CPU
		{D0C69F01-7E31-4440-9383-34705CA9D7E2}.Rvt_19_Release|Any CPU.Build.0 = Rvt_19_Release|Any CPU
		{D0C69F01-7E31-4440-9383-34705CA9D7E2}.Rvt_20_Debug|Any CPU.ActiveCfg = Rvt_20_Debug|Any CPU
		{D0C69F01-7E31-4440-9383-34705CA9D7E2}.Rvt_20_Debug|Any CPU.Build.0 = Rvt_20_Debug|Any CPU
		{D0C69F01-7E31-4440-9383-34705CA9D7E2}.Rvt_20_Release|Any CPU.ActiveCfg = Rvt_20_Release|Any CPU
		{D0C69F01-7E31-4440-9383-34705CA9D7E2}.Rvt_20_Release|Any CPU.Build.0 = Rvt_20_Release|Any CPU
		{D0C69F01-7E31-4440-9383-34705CA9D7E2}.Rvt_21_Debug|Any CPU.ActiveCfg = Rvt_21_Debug|Any CPU
		{D0C69F01-7E31-4440-9383-34705CA9D7E2}.Rvt_21_Debug|Any CPU.Build.0 = Rvt_21_Debug|Any CPU
		{D0C69F01-7E31-4440-9383-34705CA9D7E2}.Rvt_21_Release|Any CPU.ActiveCfg = Rvt_21_Release|Any CPU
		{D0C69F01-7E31-4440-9383-34705CA9D7E2}.Rvt_21_Release|Any CPU.Build.0 = Rvt_21_Release|Any CPU
		{D0C69F01-7E31-4440-9383-34705CA9D7E2}.Rvt_22_Debug|Any CPU.ActiveCfg = Rvt_22_Debug|Any CPU
		{D0C69F01-7E31-4440-9383-34705CA9D7E2}.Rvt_22_Debug|Any CPU.Build.0 = Rvt_22_Debug|Any CPU
		{D0C69F01-7E31-4440-9383-34705CA9D7E2}.Rvt_22_Release|Any CPU.ActiveCfg = Rvt_22_Release|Any CPU
		{D0C69F01-7E31-4440-9383-34705CA9D7E2}.Rvt_22_Release|Any CPU.Build.0 = Rvt_22_Release|Any CPU
		{D0C69F01-7E31-4440-9383-34705CA9D7E2}.Rvt_23_Debug|Any CPU.ActiveCfg = Rvt_23_Debug|Any CPU
		{D0C69F01-7E31-4440-9383-34705CA9D7E2}.Rvt_23_Debug|Any CPU.Build.0 = Rvt_23_Debug|Any CPU
		{D0C69F01-7E31-4440-9383-34705CA9D7E2}.Rvt_23_Release|Any CPU.ActiveCfg = Rvt_23_Release|Any CPU
		{D0C69F01-7E31-4440-9383-34705CA9D7E2}.Rvt_23_Release|Any CPU.Build.0 = Rvt_23_Release|Any CPU
		{D0C69F01-7E31-4440-9383-34705CA9D7E2}.Rvt_24_Debug|Any CPU.ActiveCfg = Rvt_24_Debug|Any CPU
		{D0C69F01-7E31-4440-9383-34705CA9D7E2}.Rvt_24_Debug|Any CPU.Build.0 = Rvt_24_Debug|Any CPU
		{D0C69F01-7E31-4440-9383-34705CA9D7E2}.Rvt_24_Release|Any CPU.ActiveCfg = Rvt_24_Release|Any CPU
		{D0C69F01-7E31-4440-9383-34705CA9D7E2}.Rvt_24_Release|Any CPU.Build.0 = Rvt_24_Release|Any CPU
		{D0C69F01-7E31-4440-9383-34705CA9D7E2}.Rvt_25_Debug|Any CPU.ActiveCfg = Rvt_25_Debug|Any CPU
		{D0C69F01-7E31-4440-9383-34705CA9D7E2}.Rvt_25_Debug|Any CPU.Build.0 = Rvt_25_Debug|Any CPU
		{D0C69F01-7E31-4440-9383-34705CA9D7E2}.Rvt_25_Release|Any CPU.ActiveCfg = Rvt_25_Release|Any CPU
		{D0C69F01-7E31-4440-9383-34705CA9D7E2}.Rvt_25_Release|Any CPU.Build.0 = Rvt_25_Release|Any CPU
		{D0C69F01-7E31-4440-9383-34705CA9D7E2}.Rvt_26_Debug|Any CPU.ActiveCfg = Rvt_26_Debug|Any CPU
		{D0C69F01-7E31-4440-9383-34705CA9D7E2}.Rvt_26_Debug|Any CPU.Build.0 = Rvt_26_Debug|Any CPU
		{D0C69F01-7E31-4440-9383-34705CA9D7E2}.Rvt_26_Release|Any CPU.ActiveCfg = Rvt_26_Release|Any CPU
		{D0C69F01-7E31-4440-9383-34705CA9D7E2}.Rvt_26_Release|Any CPU.Build.0 = Rvt_26_Release|Any CPU
		{32C6A3CA-4DFA-49BE-8D0A-7459FE961803}.Debug|Any CPU.ActiveCfg = Debug|Any CPU
		{32C6A3CA-4DFA-49BE-8D0A-7459FE961803}.Debug|Any CPU.Build.0 = Debug|Any CPU
		{32C6A3CA-4DFA-49BE-8D0A-7459FE961803}.Release|Any CPU.ActiveCfg = Release|Any CPU
		{32C6A3CA-4DFA-49BE-8D0A-7459FE961803}.Release|Any CPU.Build.0 = Release|Any CPU
		{32C6A3CA-4DFA-49BE-8D0A-7459FE961803}.Rvt_16_Debug|Any CPU.ActiveCfg = Rvt_16_Debug|Any CPU
		{32C6A3CA-4DFA-49BE-8D0A-7459FE961803}.Rvt_16_Debug|Any CPU.Build.0 = Rvt_16_Debug|Any CPU
		{32C6A3CA-4DFA-49BE-8D0A-7459FE961803}.Rvt_16_Release|Any CPU.ActiveCfg = Rvt_16_Release|Any CPU
		{32C6A3CA-4DFA-49BE-8D0A-7459FE961803}.Rvt_16_Release|Any CPU.Build.0 = Rvt_16_Release|Any CPU
		{32C6A3CA-4DFA-49BE-8D0A-7459FE961803}.Rvt_17_Debug|Any CPU.ActiveCfg = Rvt_17_Debug|Any CPU
		{32C6A3CA-4DFA-49BE-8D0A-7459FE961803}.Rvt_17_Debug|Any CPU.Build.0 = Rvt_17_Debug|Any CPU
		{32C6A3CA-4DFA-49BE-8D0A-7459FE961803}.Rvt_17_Release|Any CPU.ActiveCfg = Rvt_17_Release|Any CPU
		{32C6A3CA-4DFA-49BE-8D0A-7459FE961803}.Rvt_17_Release|Any CPU.Build.0 = Rvt_17_Release|Any CPU
		{32C6A3CA-4DFA-49BE-8D0A-7459FE961803}.Rvt_18_Debug|Any CPU.ActiveCfg = Rvt_18_Debug|Any CPU
		{32C6A3CA-4DFA-49BE-8D0A-7459FE961803}.Rvt_18_Debug|Any CPU.Build.0 = Rvt_18_Debug|Any CPU
		{32C6A3CA-4DFA-49BE-8D0A-7459FE961803}.Rvt_18_Release|Any CPU.ActiveCfg = Rvt_18_Release|Any CPU
		{32C6A3CA-4DFA-49BE-8D0A-7459FE961803}.Rvt_18_Release|Any CPU.Build.0 = Rvt_18_Release|Any CPU
		{32C6A3CA-4DFA-49BE-8D0A-7459FE961803}.Rvt_19_Debug|Any CPU.ActiveCfg = Rvt_19_Debug|Any CPU
		{32C6A3CA-4DFA-49BE-8D0A-7459FE961803}.Rvt_19_Debug|Any CPU.Build.0 = Rvt_19_Debug|Any CPU
		{32C6A3CA-4DFA-49BE-8D0A-7459FE961803}.Rvt_19_Release|Any CPU.ActiveCfg = Rvt_19_Release|Any CPU
		{32C6A3CA-4DFA-49BE-8D0A-7459FE961803}.Rvt_19_Release|Any CPU.Build.0 = Rvt_19_Release|Any CPU
		{32C6A3CA-4DFA-49BE-8D0A-7459FE961803}.Rvt_20_Debug|Any CPU.ActiveCfg = Rvt_20_Debug|Any CPU
		{32C6A3CA-4DFA-49BE-8D0A-7459FE961803}.Rvt_20_Debug|Any CPU.Build.0 = Rvt_20_Debug|Any CPU
		{32C6A3CA-4DFA-49BE-8D0A-7459FE961803}.Rvt_20_Release|Any CPU.ActiveCfg = Rvt_20_Release|Any CPU
		{32C6A3CA-4DFA-49BE-8D0A-7459FE961803}.Rvt_20_Release|Any CPU.Build.0 = Rvt_20_Release|Any CPU
		{32C6A3CA-4DFA-49BE-8D0A-7459FE961803}.Rvt_21_Debug|Any CPU.ActiveCfg = Rvt_21_Debug|Any CPU
		{32C6A3CA-4DFA-49BE-8D0A-7459FE961803}.Rvt_21_Debug|Any CPU.Build.0 = Rvt_21_Debug|Any CPU
		{32C6A3CA-4DFA-49BE-8D0A-7459FE961803}.Rvt_21_Release|Any CPU.ActiveCfg = Rvt_21_Release|Any CPU
		{32C6A3CA-4DFA-49BE-8D0A-7459FE961803}.Rvt_21_Release|Any CPU.Build.0 = Rvt_21_Release|Any CPU
		{32C6A3CA-4DFA-49BE-8D0A-7459FE961803}.Rvt_22_Debug|Any CPU.ActiveCfg = Rvt_22_Debug|Any CPU
		{32C6A3CA-4DFA-49BE-8D0A-7459FE961803}.Rvt_22_Debug|Any CPU.Build.0 = Rvt_22_Debug|Any CPU
		{32C6A3CA-4DFA-49BE-8D0A-7459FE961803}.Rvt_22_Release|Any CPU.ActiveCfg = Rvt_22_Release|Any CPU
		{32C6A3CA-4DFA-49BE-8D0A-7459FE961803}.Rvt_22_Release|Any CPU.Build.0 = Rvt_22_Release|Any CPU
		{32C6A3CA-4DFA-49BE-8D0A-7459FE961803}.Rvt_23_Debug|Any CPU.ActiveCfg = Rvt_23_Debug|Any CPU
		{32C6A3CA-4DFA-49BE-8D0A-7459FE961803}.Rvt_23_Debug|Any CPU.Build.0 = Rvt_23_Debug|Any CPU
		{32C6A3CA-4DFA-49BE-8D0A-7459FE961803}.Rvt_23_Release|Any CPU.ActiveCfg = Release|Any CPU
		{32C6A3CA-4DFA-49BE-8D0A-7459FE961803}.Rvt_23_Release|Any CPU.Build.0 = Release|Any CPU
		{32C6A3CA-4DFA-49BE-8D0A-7459FE961803}.Rvt_24_Debug|Any CPU.ActiveCfg = Rvt_24_Debug|Any CPU
		{32C6A3CA-4DFA-49BE-8D0A-7459FE961803}.Rvt_24_Debug|Any CPU.Build.0 = Rvt_24_Debug|Any CPU
		{32C6A3CA-4DFA-49BE-8D0A-7459FE961803}.Rvt_24_Release|Any CPU.ActiveCfg = Release|Any CPU
		{32C6A3CA-4DFA-49BE-8D0A-7459FE961803}.Rvt_24_Release|Any CPU.Build.0 = Release|Any CPU
		{32C6A3CA-4DFA-49BE-8D0A-7459FE961803}.Rvt_25_Debug|Any CPU.ActiveCfg = Rvt_25_Debug|Any CPU
		{32C6A3CA-4DFA-49BE-8D0A-7459FE961803}.Rvt_25_Debug|Any CPU.Build.0 = Rvt_25_Debug|Any CPU
		{32C6A3CA-4DFA-49BE-8D0A-7459FE961803}.Rvt_25_Release|Any CPU.ActiveCfg = Rvt_25_Release|Any CPU
		{32C6A3CA-4DFA-49BE-8D0A-7459FE961803}.Rvt_25_Release|Any CPU.Build.0 = Rvt_25_Release|Any CPU
		{32C6A3CA-4DFA-49BE-8D0A-7459FE961803}.Rvt_26_Debug|Any CPU.ActiveCfg = Rvt_26_Debug|Any CPU
		{32C6A3CA-4DFA-49BE-8D0A-7459FE961803}.Rvt_26_Debug|Any CPU.Build.0 = Rvt_26_Debug|Any CPU
		{32C6A3CA-4DFA-49BE-8D0A-7459FE961803}.Rvt_26_Release|Any CPU.ActiveCfg = Rvt_26_Release|Any CPU
		{32C6A3CA-4DFA-49BE-8D0A-7459FE961803}.Rvt_26_Release|Any CPU.Build.0 = Rvt_26_Release|Any CPU
		{49888F29-D29B-4B72-8029-F677B488B6C5}.Debug|Any CPU.ActiveCfg = Debug|Any CPU
		{49888F29-D29B-4B72-8029-F677B488B6C5}.Debug|Any CPU.Build.0 = Debug|Any CPU
		{49888F29-D29B-4B72-8029-F677B488B6C5}.Release|Any CPU.ActiveCfg = Release|Any CPU
		{49888F29-D29B-4B72-8029-F677B488B6C5}.Release|Any CPU.Build.0 = Release|Any CPU
		{49888F29-D29B-4B72-8029-F677B488B6C5}.Rvt_16_Debug|Any CPU.ActiveCfg = Debug|Any CPU
		{49888F29-D29B-4B72-8029-F677B488B6C5}.Rvt_16_Debug|Any CPU.Build.0 = Debug|Any CPU
		{49888F29-D29B-4B72-8029-F677B488B6C5}.Rvt_16_Release|Any CPU.ActiveCfg = Release|Any CPU
		{49888F29-D29B-4B72-8029-F677B488B6C5}.Rvt_16_Release|Any CPU.Build.0 = Release|Any CPU
		{49888F29-D29B-4B72-8029-F677B488B6C5}.Rvt_17_Debug|Any CPU.ActiveCfg = Debug|Any CPU
		{49888F29-D29B-4B72-8029-F677B488B6C5}.Rvt_17_Debug|Any CPU.Build.0 = Debug|Any CPU
		{49888F29-D29B-4B72-8029-F677B488B6C5}.Rvt_17_Release|Any CPU.ActiveCfg = Release|Any CPU
		{49888F29-D29B-4B72-8029-F677B488B6C5}.Rvt_17_Release|Any CPU.Build.0 = Release|Any CPU
		{49888F29-D29B-4B72-8029-F677B488B6C5}.Rvt_18_Debug|Any CPU.ActiveCfg = Debug|Any CPU
		{49888F29-D29B-4B72-8029-F677B488B6C5}.Rvt_18_Debug|Any CPU.Build.0 = Debug|Any CPU
		{49888F29-D29B-4B72-8029-F677B488B6C5}.Rvt_18_Release|Any CPU.ActiveCfg = Release|Any CPU
		{49888F29-D29B-4B72-8029-F677B488B6C5}.Rvt_18_Release|Any CPU.Build.0 = Release|Any CPU
		{49888F29-D29B-4B72-8029-F677B488B6C5}.Rvt_19_Debug|Any CPU.ActiveCfg = Debug|Any CPU
		{49888F29-D29B-4B72-8029-F677B488B6C5}.Rvt_19_Debug|Any CPU.Build.0 = Debug|Any CPU
		{49888F29-D29B-4B72-8029-F677B488B6C5}.Rvt_19_Release|Any CPU.ActiveCfg = Release|Any CPU
		{49888F29-D29B-4B72-8029-F677B488B6C5}.Rvt_19_Release|Any CPU.Build.0 = Release|Any CPU
		{49888F29-D29B-4B72-8029-F677B488B6C5}.Rvt_20_Debug|Any CPU.ActiveCfg = Debug|Any CPU
		{49888F29-D29B-4B72-8029-F677B488B6C5}.Rvt_20_Debug|Any CPU.Build.0 = Debug|Any CPU
		{49888F29-D29B-4B72-8029-F677B488B6C5}.Rvt_20_Release|Any CPU.ActiveCfg = Release|Any CPU
		{49888F29-D29B-4B72-8029-F677B488B6C5}.Rvt_20_Release|Any CPU.Build.0 = Release|Any CPU
		{49888F29-D29B-4B72-8029-F677B488B6C5}.Rvt_21_Debug|Any CPU.ActiveCfg = Debug|Any CPU
		{49888F29-D29B-4B72-8029-F677B488B6C5}.Rvt_21_Debug|Any CPU.Build.0 = Debug|Any CPU
		{49888F29-D29B-4B72-8029-F677B488B6C5}.Rvt_21_Release|Any CPU.ActiveCfg = Release|Any CPU
		{49888F29-D29B-4B72-8029-F677B488B6C5}.Rvt_21_Release|Any CPU.Build.0 = Release|Any CPU
		{49888F29-D29B-4B72-8029-F677B488B6C5}.Rvt_22_Debug|Any CPU.ActiveCfg = Debug|Any CPU
		{49888F29-D29B-4B72-8029-F677B488B6C5}.Rvt_22_Debug|Any CPU.Build.0 = Debug|Any CPU
		{49888F29-D29B-4B72-8029-F677B488B6C5}.Rvt_22_Release|Any CPU.ActiveCfg = Release|Any CPU
		{49888F29-D29B-4B72-8029-F677B488B6C5}.Rvt_22_Release|Any CPU.Build.0 = Release|Any CPU
		{49888F29-D29B-4B72-8029-F677B488B6C5}.Rvt_23_Debug|Any CPU.ActiveCfg = Debug|Any CPU
		{49888F29-D29B-4B72-8029-F677B488B6C5}.Rvt_23_Debug|Any CPU.Build.0 = Debug|Any CPU
		{49888F29-D29B-4B72-8029-F677B488B6C5}.Rvt_23_Release|Any CPU.ActiveCfg = Release|Any CPU
		{49888F29-D29B-4B72-8029-F677B488B6C5}.Rvt_23_Release|Any CPU.Build.0 = Release|Any CPU
		{49888F29-D29B-4B72-8029-F677B488B6C5}.Rvt_24_Debug|Any CPU.ActiveCfg = Debug|Any CPU
		{49888F29-D29B-4B72-8029-F677B488B6C5}.Rvt_24_Debug|Any CPU.Build.0 = Debug|Any CPU
		{49888F29-D29B-4B72-8029-F677B488B6C5}.Rvt_24_Release|Any CPU.ActiveCfg = Release|Any CPU
		{49888F29-D29B-4B72-8029-F677B488B6C5}.Rvt_24_Release|Any CPU.Build.0 = Release|Any CPU
		{49888F29-D29B-4B72-8029-F677B488B6C5}.Rvt_25_Debug|Any CPU.ActiveCfg = Debug|Any CPU
		{49888F29-D29B-4B72-8029-F677B488B6C5}.Rvt_25_Debug|Any CPU.Build.0 = Debug|Any CPU
		{49888F29-D29B-4B72-8029-F677B488B6C5}.Rvt_25_Release|Any CPU.ActiveCfg = Release|Any CPU
		{49888F29-D29B-4B72-8029-F677B488B6C5}.Rvt_25_Release|Any CPU.Build.0 = Release|Any CPU
		{49888F29-D29B-4B72-8029-F677B488B6C5}.Rvt_26_Debug|Any CPU.ActiveCfg = Debug|Any CPU
		{49888F29-D29B-4B72-8029-F677B488B6C5}.Rvt_26_Debug|Any CPU.Build.0 = Debug|Any CPU
		{49888F29-D29B-4B72-8029-F677B488B6C5}.Rvt_26_Release|Any CPU.ActiveCfg = Release|Any CPU
		{49888F29-D29B-4B72-8029-F677B488B6C5}.Rvt_26_Release|Any CPU.Build.0 = Release|Any CPU
	EndGlobalSection
	GlobalSection(SolutionProperties) = preSolution
		HideSolutionNode = FALSE
	EndGlobalSection
	GlobalSection(NestedProjects) = preSolution
		{EF79ED31-ADC4-C25C-1C84-17A05E1DE626} = {2001D214-F87F-492C-A57C-F635633238CB}
		{7B0B54FC-B9A1-A7BF-2618-CAE79DAB2BF2} = {78294CC8-0B3B-48D5-AC91-2E3C02377287}
		{01F14CF5-BDFE-FA19-56A6-3C8EF3C308E2} = {2001D214-F87F-492C-A57C-F635633238CB}
		{D0C69F01-7E31-4440-9383-34705CA9D7E2} = {02EA681E-C7D8-13C7-8484-4AC65E1B71E8}
		{31F2F613-5BC7-4323-B34A-AA33D20FDCD6} = {02EA681E-C7D8-13C7-8484-4AC65E1B71E8}
		{32C6A3CA-4DFA-49BE-8D0A-7459FE961803} = {02EA681E-C7D8-13C7-8484-4AC65E1B71E8}
		{49888F29-D29B-4B72-8029-F677B488B6C5} = {02EA681E-C7D8-13C7-8484-4AC65E1B71E8}
	EndGlobalSection
	GlobalSection(ExtensibilityGlobals) = postSolution
		SolutionGuid = {0F3E44F7-9014-4012-85FD-37E211988994}
	EndGlobalSection
EndGlobal
