
Microsoft Visual Studio Solution File, Format Version 12.00
# Visual Studio Version 18
VisualStudioVersion = 18.5.11723.231 stable
MinimumVisualStudioVersion = 10.0.40219.1
Project("{FAE04EC0-301F-11D3-BF4B-00C04F79EFBC}") = "Tuna.Sample", "Tuna.Sample\Tuna.Sample.csproj", "{C6E23668-A863-D31A-2027-4DC95C8D0A90}"
EndProject
Global
	GlobalSection(SolutionConfigurationPlatforms) = preSolution
		Debug|Any CPU = Debug|Any CPU
		Release|Any CPU = Release|Any CPU
	EndGlobalSection
	GlobalSection(ProjectConfigurationPlatforms) = postSolution
		{C6E23668-A863-D31A-2027-4DC95C8D0A90}.Debug|Any CPU.ActiveCfg = Debug|Any CPU
		{C6E23668-A863-D31A-2027-4DC95C8D0A90}.Debug|Any CPU.Build.0 = Debug|Any CPU
		{C6E23668-A863-D31A-2027-4DC95C8D0A90}.Release|Any CPU.ActiveCfg = Release|Any CPU
		{C6E23668-A863-D31A-2027-4DC95C8D0A90}.Release|Any CPU.Build.0 = Release|Any CPU
	EndGlobalSection
	GlobalSection(SolutionProperties) = preSolution
		HideSolutionNode = FALSE
	EndGlobalSection
	GlobalSection(ExtensibilityGlobals) = postSolution
		SolutionGuid = {FF27D02C-6AE6-474B-87DE-11990C1269FA}
	EndGlobalSection
EndGlobal
